{"1.1.0",
[{<<"acceptor_pool">>,{pkg,<<"acceptor_pool">>,<<"1.0.0">>},2},
 {<<"bbmustache">>,{pkg,<<"bbmustache">>,<<"1.6.0">>},1},
 {<<"epmd">>,
  {git,"https://github.com/erlang/epmd",
       {ref,"4d1a595b9d5c32fc0e55f462da381de62de23bf0"}},
  0},
 {<<"gen_flow">>,{pkg,<<"gen_flow">>,<<"0.0.5">>},1},
 {<<"gen_fsm_compat">>,{pkg,<<"gen_fsm_compat">>,<<"0.3.0">>},1},
 {<<"goldrush">>,{pkg,<<"goldrush">>,<<"0.1.9">>},3},
 {<<"grisp">>,{pkg,<<"grisp">>,<<"1.1.6">>},0},
 {<<"grisp_tools">>,
  {git,"https://github.com/grisp/grisp_tools.git",
       {ref,"8bdb1b27097ab10fb3330a20f8180c6e4e762e00"}},
  0},
 {<<"lager">>,{pkg,<<"lager">>,<<"3.8.0">>},2},
 {<<"lasp">>,
  {git,"https://github.com/Laymer/lasp.git",
       {ref,"468ee3e78935fed1d427de3be00479e9993885d7"}},
  0},
 {<<"lasp_support">>,
  {git,"https://github.com/Laymer/lasp_support.git",
       {ref,"d790ae8d10f6938957bfbca677d147af79275355"}},
  1},
 {<<"mapz">>,{pkg,<<"mapz">>,<<"0.3.0">>},1},
 {<<"partisan">>,
  {git,"https://github.com/barrel-db/partisan.git",
       {ref,"52744488e11ab660e863d9123b47de7e2454138d"}},
  1},
 {<<"plumtree">>,{pkg,<<"plumtree">>,<<"0.5.0">>},1},
 {<<"quickrand">>,{pkg,<<"quickrand">>,<<"1.7.5">>},3},
 {<<"rand_compat">>,{pkg,<<"rand_compat">>,<<"0.0.3">>},1},
 {<<"time_compat">>,{pkg,<<"time_compat">>,<<"0.0.1">>},1},
 {<<"types">>,{pkg,<<"types">>,<<"0.1.8">>},1},
 {<<"uuid">>,{pkg,<<"uuid_erl">>,<<"1.7.5">>},2}]}.
[
{pkg_hash,[
 {<<"acceptor_pool">>, <<"43C20D2ACAE35F0C2BCD64F9D2BDE267E459F0F3FD23DAB26485BF518C281B21">>},
 {<<"bbmustache">>, <<"7AC372AEC621A69C369DF237FBD9986CAABCDD6341089FE5F42E5A7A4AC706B8">>},
 {<<"gen_flow">>, <<"2FF6ABE3ED1C5C9BC41F81BF09364A3F63F96E4D378D45A2A2DDC4FC06F3484A">>},
 {<<"gen_fsm_compat">>, <<"5903549F67D595F58A7101154CBE0FDD46955FBFBE40813F1E53C23A970FF5F4">>},
 {<<"goldrush">>, <<"F06E5D5F1277DA5C413E84D5A2924174182FB108DABB39D5EC548B27424CD106">>},
 {<<"grisp">>, <<"C0C752CA87407DF1E248EC534076FA268220204D89B27E50E0B31CEB3525C2E2">>},
 {<<"lager">>, <<"3402B9A7E473680CA179FC2F1D827CAB88DD37DD1E6113090C6F45EF05228A1C">>},
 {<<"mapz">>, <<"438D24746CE5A252101E00B2032EFDF7FC69EB32689D3B805DE5E6DD7F52614F">>},
 {<<"plumtree">>, <<"F3521CE631AD22AC00635E79C7F046A163BD1135889CDC1D0B18AB577F76EC70">>},
 {<<"quickrand">>, <<"E3086A153EB13A057FC19192D05E2D4C6BB2BDBB55746A699BEAE9847AC17CA8">>},
 {<<"rand_compat">>, <<"011646BC1F0B0C432FE101B816F25B9BBB74A085713CEE1DAFD2D62E9415EAD3">>},
 {<<"time_compat">>, <<"23FE0AD1FDF3B5B88821B2D04B4B5E865BF587AE66056D671FE0F53514ED8139">>},
 {<<"types">>, <<"5782B67231E8C174FE2835395E71E669FE0121076779D2A09F1C0D58EE0E2F13">>},
 {<<"uuid">>, <<"3862FF9A21C42566DFD0376B97512FA202922897129E09A05E2AFA0D9CAFD97A">>}]}
].
